// !$*UTF8*$!
{
	archiveVersion = 1;
	classes = {
	};
	objectVersion = 50;
	objects = {

/* Begin PBXBuildFile section */
		ABFB8A2A26CF421D00842864 /* main.cpp in Sources */ = {isa = PBXBuildFile; fileRef = ABFB8A2926CF421D00842864 /* main.cpp */; };
		ABFB8A3226CF425600842864 /* libassimp.dylib in Frameworks */ = {isa = PBXBuildFile; fileRef = ABFB8A3126CF425600842864 /* libassimp.dylib */; };
		ABFB8A3626CF426900842864 /* libglfw.dylib in Frameworks */ = {isa = PBXBuildFile; fileRef = ABFB8A3526CF426900842864 /* libglfw.dylib */; };
		ABFB8A3826CF428B00842864 /* libfreetype.dylib in Frameworks */ = {isa = PBXBuildFile; fileRef = ABFB8A3726CF428B00842864 /* libfreetype.dylib */; };
		ABFB8A3A26CF43D800842864 /* glad.c in Sources */ = {isa = PBXBuildFile; fileRef = ABFB8A3926CF43D800842864 /* glad.c */; };
		ABFB8A5026CF6AA300842864 /* Shader.cpp in Sources */ = {isa = PBXBuildFile; fileRef = ABFB8A4E26CF6AA300842864 /* Shader.cpp */; };
		ABFB8A5326CF6FAD00842864 /* Game.cpp in Sources */ = {isa = PBXBuildFile; fileRef = ABFB8A5126CF6FAD00842864 /* Game.cpp */; };
		ABFB8A5F26CF710100842864 /* Texture2D.cpp in Sources */ = {isa = PBXBuildFile; fileRef = ABFB8A5D26CF710100842864 /* Texture2D.cpp */; };
		ABFB8A6026CF786600842864 /* libGLEW.dylib in Frameworks */ = {isa = PBXBuildFile; fileRef = ABFB8A3326CF426200842864 /* libGLEW.dylib */; };
		ABFB8A6426CF7F5400842864 /* ResourceManager.cpp in Sources */ = {isa = PBXBuildFile; fileRef = ABFB8A6126CF7F5400842864 /* ResourceManager.cpp */; };
/* End PBXBuildFile section */

/* Begin PBXCopyFilesBuildPhase section */
		ABFB8A2426CF421D00842864 /* CopyFiles */ = {
			isa = PBXCopyFilesBuildPhase;
			buildActionMask = 2147483647;
			dstPath = /usr/share/man/man1/;
			dstSubfolderSpec = 0;
			files = (
			);
			runOnlyForDeploymentPostprocessing = 1;
		};
/* End PBXCopyFilesBuildPhase section */

/* Begin PBXFileReference section */
		ABFB8A2626CF421D00842864 /* OpenGL_Test31_Game */ = {isa = PBXFileReference; explicitFileType = "compiled.mach-o.executable"; includeInIndex = 0; path = OpenGL_Test31_Game; sourceTree = BUILT_PRODUCTS_DIR; };
		ABFB8A2926CF421D00842864 /* main.cpp */ = {isa = PBXFileReference; lastKnownFileType = sourcecode.cpp.cpp; path = main.cpp; sourceTree = "<group>"; };
		ABFB8A3126CF425600842864 /* libassimp.dylib */ = {isa = PBXFileReference; lastKnownFileType = "compiled.mach-o.dylib"; name = libassimp.dylib; path = ../../../assimp/5.0.1/lib/libassimp.dylib; sourceTree = "<group>"; };
		ABFB8A3326CF426200842864 /* libGLEW.dylib */ = {isa = PBXFileReference; lastKnownFileType = "compiled.mach-o.dylib"; name = libGLEW.dylib; path = ../../../glew/2.2.0_1/lib/libGLEW.dylib; sourceTree = "<group>"; };
		ABFB8A3526CF426900842864 /* libglfw.dylib */ = {isa = PBXFileReference; lastKnownFileType = "compiled.mach-o.dylib"; name = libglfw.dylib; path = ../../../glfw/3.3.4/lib/libglfw.dylib; sourceTree = "<group>"; };
		ABFB8A3726CF428B00842864 /* libfreetype.dylib */ = {isa = PBXFileReference; lastKnownFileType = "compiled.mach-o.dylib"; name = libfreetype.dylib; path = ../../../freetype/2.10.4/lib/libfreetype.dylib; sourceTree = "<group>"; };
		ABFB8A3926CF43D800842864 /* glad.c */ = {isa = PBXFileReference; fileEncoding = 4; lastKnownFileType = sourcecode.c.c; name = glad.c; path = ../../../../glad/src/glad.c; sourceTree = "<group>"; };
		ABFB8A4E26CF6AA300842864 /* Shader.cpp */ = {isa = PBXFileReference; fileEncoding = 4; lastKnownFileType = sourcecode.cpp.cpp; path = Shader.cpp; sourceTree = "<group>"; };
		ABFB8A4F26CF6AA300842864 /* Shader.hpp */ = {isa = PBXFileReference; fileEncoding = 4; lastKnownFileType = sourcecode.cpp.h; path = Shader.hpp; sourceTree = "<group>"; };
		ABFB8A5126CF6FAD00842864 /* Game.cpp */ = {isa = PBXFileReference; fileEncoding = 4; lastKnownFileType = sourcecode.cpp.cpp; path = Game.cpp; sourceTree = "<group>"; };
		ABFB8A5226CF6FAD00842864 /* Game.hpp */ = {isa = PBXFileReference; fileEncoding = 4; lastKnownFileType = sourcecode.cpp.h; path = Game.hpp; sourceTree = "<group>"; };
		ABFB8A5A26CF710100842864 /* Texture2D.hpp */ = {isa = PBXFileReference; fileEncoding = 4; lastKnownFileType = sourcecode.cpp.h; path = Texture2D.hpp; sourceTree = "<group>"; };
		ABFB8A5D26CF710100842864 /* Texture2D.cpp */ = {isa = PBXFileReference; fileEncoding = 4; lastKnownFileType = sourcecode.cpp.cpp; path = Texture2D.cpp; sourceTree = "<group>"; };
		ABFB8A6126CF7F5400842864 /* ResourceManager.cpp */ = {isa = PBXFileReference; fileEncoding = 4; lastKnownFileType = sourcecode.cpp.cpp; path = ResourceManager.cpp; sourceTree = "<group>"; };
		ABFB8A6226CF7F5400842864 /* ResourceManager.hpp */ = {isa = PBXFileReference; fileEncoding = 4; lastKnownFileType = sourcecode.cpp.h; path = ResourceManager.hpp; sourceTree = "<group>"; };
		ABFB8A6526CF827100842864 /* stb_image.h */ = {isa = PBXFileReference; fileEncoding = 4; lastKnownFileType = sourcecode.c.h; path = stb_image.h; sourceTree = "<group>"; };
/* End PBXFileReference section */

/* Begin PBXFrameworksBuildPhase section */
		ABFB8A2326CF421D00842864 /* Frameworks */ = {
			isa = PBXFrameworksBuildPhase;
			buildActionMask = 2147483647;
			files = (
				ABFB8A3626CF426900842864 /* libglfw.dylib in Frameworks */,
				ABFB8A3826CF428B00842864 /* libfreetype.dylib in Frameworks */,
				ABFB8A3226CF425600842864 /* libassimp.dylib in Frameworks */,
				ABFB8A6026CF786600842864 /* libGLEW.dylib in Frameworks */,
			);
			runOnlyForDeploymentPostprocessing = 0;
		};
/* End PBXFrameworksBuildPhase section */

/* Begin PBXGroup section */
		ABFB8A1D26CF421D00842864 = {
			isa = PBXGroup;
			children = (
				ABFB8A2826CF421D00842864 /* OpenGL_Test31_Game */,
				ABFB8A2726CF421D00842864 /* Products */,
				ABFB8A3026CF425600842864 /* Frameworks */,
			);
			sourceTree = "<group>";
		};
		ABFB8A2726CF421D00842864 /* Products */ = {
			isa = PBXGroup;
			children = (
				ABFB8A2626CF421D00842864 /* OpenGL_Test31_Game */,
			);
			name = Products;
			sourceTree = "<group>";
		};
		ABFB8A2826CF421D00842864 /* OpenGL_Test31_Game */ = {
			isa = PBXGroup;
			children = (
				ABFB8A6526CF827100842864 /* stb_image.h */,
				ABFB8A6226CF7F5400842864 /* ResourceManager.hpp */,
				ABFB8A6126CF7F5400842864 /* ResourceManager.cpp */,
				ABFB8A5A26CF710100842864 /* Texture2D.hpp */,
				ABFB8A5D26CF710100842864 /* Texture2D.cpp */,
				ABFB8A5226CF6FAD00842864 /* Game.hpp */,
				ABFB8A5126CF6FAD00842864 /* Game.cpp */,
				ABFB8A4F26CF6AA300842864 /* Shader.hpp */,
				ABFB8A4E26CF6AA300842864 /* Shader.cpp */,
				ABFB8A3926CF43D800842864 /* glad.c */,
				ABFB8A2926CF421D00842864 /* main.cpp */,
			);
			path = OpenGL_Test31_Game;
			sourceTree = "<group>";
		};
		ABFB8A3026CF425600842864 /* Frameworks */ = {
			isa = PBXGroup;
			children = (
				ABFB8A3726CF428B00842864 /* libfreetype.dylib */,
				ABFB8A3526CF426900842864 /* libglfw.dylib */,
				ABFB8A3326CF426200842864 /* libGLEW.dylib */,
				ABFB8A3126CF425600842864 /* libassimp.dylib */,
			);
			name = Frameworks;
			sourceTree = "<group>";
		};
/* End PBXGroup section */

/* Begin PBXNativeTarget section */
		ABFB8A2526CF421D00842864 /* OpenGL_Test31_Game */ = {
			isa = PBXNativeTarget;
			buildConfigurationList = ABFB8A2D26CF421D00842864 /* Build configuration list for PBXNativeTarget "OpenGL_Test31_Game" */;
			buildPhases = (
				ABFB8A2226CF421D00842864 /* Sources */,
				ABFB8A2326CF421D00842864 /* Frameworks */,
				ABFB8A2426CF421D00842864 /* CopyFiles */,
			);
			buildRules = (
			);
			dependencies = (
			);
			name = OpenGL_Test31_Game;
			productName = OpenGL_Test31_Game;
			productReference = ABFB8A2626CF421D00842864 /* OpenGL_Test31_Game */;
			productType = "com.apple.product-type.tool";
		};
/* End PBXNativeTarget section */

/* Begin PBXProject section */
		ABFB8A1E26CF421D00842864 /* Project object */ = {
			isa = PBXProject;
			attributes = {
				LastUpgradeCheck = 1250;
				TargetAttributes = {
					ABFB8A2526CF421D00842864 = {
						CreatedOnToolsVersion = 12.5.1;
					};
				};
			};
			buildConfigurationList = ABFB8A2126CF421D00842864 /* Build configuration list for PBXProject "OpenGL_Test31_Game" */;
			compatibilityVersion = "Xcode 9.3";
			developmentRegion = en;
			hasScannedForEncodings = 0;
			knownRegions = (
				en,
				Base,
			);
			mainGroup = ABFB8A1D26CF421D00842864;
			productRefGroup = ABFB8A2726CF421D00842864 /* Products */;
			projectDirPath = "";
			projectRoot = "";
			targets = (
				ABFB8A2526CF421D00842864 /* OpenGL_Test31_Game */,
			);
		};
/* End PBXProject section */

/* Begin PBXSourcesBuildPhase section */
		ABFB8A2226CF421D00842864 /* Sources */ = {
			isa = PBXSourcesBuildPhase;
			buildActionMask = 2147483647;
			files = (
				ABFB8A5F26CF710100842864 /* Texture2D.cpp in Sources */,
				ABFB8A2A26CF421D00842864 /* main.cpp in Sources */,
				ABFB8A5026CF6AA300842864 /* Shader.cpp in Sources */,
				ABFB8A3A26CF43D800842864 /* glad.c in Sources */,
				ABFB8A5326CF6FAD00842864 /* Game.cpp in Sources */,
				ABFB8A6426CF7F5400842864 /* ResourceManager.cpp in Sources */,
			);
			runOnlyForDeploymentPostprocessing = 0;
		};
/* End PBXSourcesBuildPhase section */

/* Begin XCBuildConfiguration section */
		ABFB8A2B26CF421D00842864 /* Debug */ = {
			isa = XCBuildConfiguration;
			buildSettings = {
				ALWAYS_SEARCH_USER_PATHS = NO;
				CLANG_ANALYZER_NONNULL = YES;
				CLANG_ANALYZER_NUMBER_OBJECT_CONVERSION = YES_AGGRESSIVE;
				CLANG_CXX_LANGUAGE_STANDARD = "gnu++14";
				CLANG_CXX_LIBRARY = "libc++";
				CLANG_ENABLE_MODULES = YES;
				CLANG_ENABLE_OBJC_ARC = YES;
				CLANG_ENABLE_OBJC_WEAK = YES;
				CLANG_WARN_BLOCK_CAPTURE_AUTORELEASING = YES;
				CLANG_WARN_BOOL_CONVERSION = YES;
				CLANG_WARN_COMMA = YES;
				CLANG_WARN_CONSTANT_CONVERSION = YES;
				CLANG_WARN_DEPRECATED_OBJC_IMPLEMENTATIONS = YES;
				CLANG_WARN_DIRECT_OBJC_ISA_USAGE = YES_ERROR;
				CLANG_WARN_DOCUMENTATION_COMMENTS = YES;
				CLANG_WARN_EMPTY_BODY = YES;
				CLANG_WARN_ENUM_CONVERSION = YES;
				CLANG_WARN_INFINITE_RECURSION = YES;
				CLANG_WARN_INT_CONVERSION = YES;
				CLANG_WARN_NON_LITERAL_NULL_CONVERSION = YES;
				CLANG_WARN_OBJC_IMPLICIT_RETAIN_SELF = YES;
				CLANG_WARN_OBJC_LITERAL_CONVERSION = YES;
				CLANG_WARN_OBJC_ROOT_CLASS = YES_ERROR;
				CLANG_WARN_QUOTED_INCLUDE_IN_FRAMEWORK_HEADER = YES;
				CLANG_WARN_RANGE_LOOP_ANALYSIS = YES;
				CLANG_WARN_STRICT_PROTOTYPES = YES;
				CLANG_WARN_SUSPICIOUS_MOVE = YES;
				CLANG_WARN_UNGUARDED_AVAILABILITY = YES_AGGRESSIVE;
				CLANG_WARN_UNREACHABLE_CODE = YES;
				CLANG_WARN__DUPLICATE_METHOD_MATCH = YES;
				COPY_PHASE_STRIP = NO;
				DEBUG_INFORMATION_FORMAT = dwarf;
				ENABLE_STRICT_OBJC_MSGSEND = YES;
				ENABLE_TESTABILITY = YES;
				GCC_C_LANGUAGE_STANDARD = gnu11;
				GCC_DYNAMIC_NO_PIC = NO;
				GCC_NO_COMMON_BLOCKS = YES;
				GCC_OPTIMIZATION_LEVEL = 0;
				GCC_PREPROCESSOR_DEFINITIONS = (
					"DEBUG=1",
					"$(inherited)",
				);
				GCC_WARN_64_TO_32_BIT_CONVERSION = YES;
				GCC_WARN_ABOUT_RETURN_TYPE = YES_ERROR;
				GCC_WARN_UNDECLARED_SELECTOR = YES;
				GCC_WARN_UNINITIALIZED_AUTOS = YES_AGGRESSIVE;
				GCC_WARN_UNUSED_FUNCTION = YES;
				GCC_WARN_UNUSED_VARIABLE = YES;
				MACOSX_DEPLOYMENT_TARGET = 11.3;
				MTL_ENABLE_DEBUG_INFO = INCLUDE_SOURCE;
				MTL_FAST_MATH = YES;
				ONLY_ACTIVE_ARCH = YES;
				SDKROOT = macosx;
			};
			name = Debug;
		};
		ABFB8A2C26CF421D00842864 /* Release */ = {
			isa = XCBuildConfiguration;
			buildSettings = {
				ALWAYS_SEARCH_USER_PATHS = NO;
				CLANG_ANALYZER_NONNULL = YES;
				CLANG_ANALYZER_NUMBER_OBJECT_CONVERSION = YES_AGGRESSIVE;
				CLANG_CXX_LANGUAGE_STANDARD = "gnu++14";
				CLANG_CXX_LIBRARY = "libc++";
				CLANG_ENABLE_MODULES = YES;
				CLANG_ENABLE_OBJC_ARC = YES;
				CLANG_ENABLE_OBJC_WEAK = YES;
				CLANG_WARN_BLOCK_CAPTURE_AUTORELEASING = YES;
				CLANG_WARN_BOOL_CONVERSION = YES;
				CLANG_WARN_COMMA = YES;
				CLANG_WARN_CONSTANT_CONVERSION = YES;
				CLANG_WARN_DEPRECATED_OBJC_IMPLEMENTATIONS = YES;
				CLANG_WARN_DIRECT_OBJC_ISA_USAGE = YES_ERROR;
				CLANG_WARN_DOCUMENTATION_COMMENTS = YES;
				CLANG_WARN_EMPTY_BODY = YES;
				CLANG_WARN_ENUM_CONVERSION = YES;
				CLANG_WARN_INFINITE_RECURSION = YES;
				CLANG_WARN_INT_CONVERSION = YES;
				CLANG_WARN_NON_LITERAL_NULL_CONVERSION = YES;
				CLANG_WARN_OBJC_IMPLICIT_RETAIN_SELF = YES;
				CLANG_WARN_OBJC_LITERAL_CONVERSION = YES;
				CLANG_WARN_OBJC_ROOT_CLASS = YES_ERROR;
				CLANG_WARN_QUOTED_INCLUDE_IN_FRAMEWORK_HEADER = YES;
				CLANG_WARN_RANGE_LOOP_ANALYSIS = YES;
				CLANG_WARN_STRICT_PROTOTYPES = YES;
				CLANG_WARN_SUSPICIOUS_MOVE = YES;
				CLANG_WARN_UNGUARDED_AVAILABILITY = YES_AGGRESSIVE;
				CLANG_WARN_UNREACHABLE_CODE = YES;
				CLANG_WARN__DUPLICATE_METHOD_MATCH = YES;
				COPY_PHASE_STRIP = NO;
				DEBUG_INFORMATION_FORMAT = "dwarf-with-dsym";
				ENABLE_NS_ASSERTIONS = NO;
				ENABLE_STRICT_OBJC_MSGSEND = YES;
				GCC_C_LANGUAGE_STANDARD = gnu11;
				GCC_NO_COMMON_BLOCKS = YES;
				GCC_WARN_64_TO_32_BIT_CONVERSION = YES;
				GCC_WARN_ABOUT_RETURN_TYPE = YES_ERROR;
				GCC_WARN_UNDECLARED_SELECTOR = YES;
				GCC_WARN_UNINITIALIZED_AUTOS = YES_AGGRESSIVE;
				GCC_WARN_UNUSED_FUNCTION = YES;
				GCC_WARN_UNUSED_VARIABLE = YES;
				MACOSX_DEPLOYMENT_TARGET = 11.3;
				MTL_ENABLE_DEBUG_INFO = NO;
				MTL_FAST_MATH = YES;
				SDKROOT = macosx;
			};
			name = Release;
		};
		ABFB8A2E26CF421D00842864 /* Debug */ = {
			isa = XCBuildConfiguration;
			buildSettings = {
				CODE_SIGN_STYLE = Automatic;
				HEADER_SEARCH_PATHS = (
					"\"$(SRCROOT)/../../../assimp/5.0.1/include\"",
					"\"$(SRCROOT)/../../../glad/include\"",
					"\"$(SRCROOT)/../../../glfw/3.3.4/include\"",
					"\"$(SRCROOT)/../../../glew/2.2.0_1/include\"",
					"\"$(SRCROOT)/../../../glm/0.9.9.8/include\"",
					"\"$(SRCROOT)/../../../freetype/2.10.4/include\"",
				);
				LIBRARY_SEARCH_PATHS = (
					"\"$(SRCROOT)/../../../assimp/5.0.1/lib\"",
					"\"$(SRCROOT)/../../../glfw/3.3.4/lib\"",
					"\"$(SRCROOT)/../../../glew/2.2.0_1/lib\"",
					"\"$(SRCROOT)/../../../freetype/2.10.4/lib\"",
				);
				PRODUCT_NAME = "$(TARGET_NAME)";
			};
			name = Debug;
		};
		ABFB8A2F26CF421D00842864 /* Release */ = {
			isa = XCBuildConfiguration;
			buildSettings = {
				CODE_SIGN_STYLE = Automatic;
				HEADER_SEARCH_PATHS = (
					"\"$(SRCROOT)/../../../assimp/5.0.1/include\"",
					"\"$(SRCROOT)/../../../glad/include\"",
					"\"$(SRCROOT)/../../../glfw/3.3.4/include\"",
					"\"$(SRCROOT)/../../../glew/2.2.0_1/include\"",
					"\"$(SRCROOT)/../../../glm/0.9.9.8/include\"",
					"\"$(SRCROOT)/../../../freetype/2.10.4/include\"",
				);
				LIBRARY_SEARCH_PATHS = (
					"\"$(SRCROOT)/../../../assimp/5.0.1/lib\"",
					"\"$(SRCROOT)/../../../glfw/3.3.4/lib\"",
					"\"$(SRCROOT)/../../../glew/2.2.0_1/lib\"",
					"\"$(SRCROOT)/../../../freetype/2.10.4/lib\"",
				);
				PRODUCT_NAME = "$(TARGET_NAME)";
			};
			name = Release;
		};
/* End XCBuildConfiguration section */

/* Begin XCConfigurationList section */
		ABFB8A2126CF421D00842864 /* Build configuration list for PBXProject "OpenGL_Test31_Game" */ = {
			isa = XCConfigurationList;
			buildConfigurations = (
				ABFB8A2B26CF421D00842864 /* Debug */,
				ABFB8A2C26CF421D00842864 /* Release */,
			);
			defaultConfigurationIsVisible = 0;
			defaultConfigurationName = Release;
		};
		ABFB8A2D26CF421D00842864 /* Build configuration list for PBXNativeTarget "OpenGL_Test31_Game" */ = {
			isa = XCConfigurationList;
			buildConfigurations = (
				ABFB8A2E26CF421D00842864 /* Debug */,
				ABFB8A2F26CF421D00842864 /* Release */,
			);
			defaultConfigurationIsVisible = 0;
			defaultConfigurationName = Release;
		};
/* End XCConfigurationList section */
	};
	rootObject = ABFB8A1E26CF421D00842864 /* Project object */;
}
